# This is a Gradle generated file for dependency locking.
# Manual edits can break the build and are not advised.
# This file is expected to be part of source control.
com.tencent:mmkv:1.3.14=debugCompileClasspath
org.jetbrains.kotlin:kotlin-build-tools-api:2.2.10=kotlinBuildToolsApiClasspath
org.jetbrains.kotlin:kotlin-build-tools-impl:2.2.10=kotlinBuildToolsApiClasspath
org.jetbrains.kotlin:kotlin-compiler-embeddable:2.2.10=kotlinBuildToolsApiClasspath,kotlinCompilerClasspath
org.jetbrains.kotlin:kotlin-compiler-runner:2.2.10=kotlinBuildToolsApiClasspath
org.jetbrains.kotlin:kotlin-daemon-client:2.2.10=kotlinBuildToolsApiClasspath
org.jetbrains.kotlin:kotlin-daemon-embeddable:2.2.10=kotlinBuildToolsApiClasspath,kotlinCompilerClasspath
org.jetbrains.kotlin:kotlin-reflect:1.6.10=kotlinBuildToolsApiClasspath,kotlinCompilerClasspath
org.jetbrains.kotlin:kotlin-script-runtime:2.2.10=kotlinBuildToolsApiClasspath,kotlinCompilerClasspath
org.jetbrains.kotlin:kotlin-scripting-common:2.2.10=kotlinBuildToolsApiClasspath
org.jetbrains.kotlin:kotlin-scripting-compiler-embeddable:2.2.10=kotlinBuildToolsApiClasspath
org.jetbrains.kotlin:kotlin-scripting-compiler-impl-embeddable:2.2.10=kotlinBuildToolsApiClasspath
org.jetbrains.kotlin:kotlin-scripting-jvm:2.2.10=kotlinBuildToolsApiClasspath
org.jetbrains.kotlin:kotlin-serialization-compiler-plugin-embeddable:2.2.10=kotlinCompilerPluginClasspathDebug
org.jetbrains.kotlin:kotlin-stdlib:2.2.10=kotlinBuildToolsApiClasspath,kotlinCompilerClasspath
org.jetbrains.kotlin:kotlin-stdlib:2.3.0=debugCompileClasspath
org.jetbrains.kotlinx:kotlinx-coroutines-core-jvm:1.8.0=kotlinBuildToolsApiClasspath,kotlinCompilerClasspath
org.jetbrains.kotlinx:kotlinx-serialization-bom:1.10.0=debugCompileClasspath
org.jetbrains.kotlinx:kotlinx-serialization-core-jvm:1.10.0=debugCompileClasspath
org.jetbrains.kotlinx:kotlinx-serialization-core:1.10.0=debugCompileClasspath
org.jetbrains.kotlinx:kotlinx-serialization-json-jvm:1.10.0=debugCompileClasspath
org.jetbrains.kotlinx:kotlinx-serialization-json:1.10.0=debugCompileClasspath
org.jetbrains:annotations:13.0=debugCompileClasspath,kotlinBuildToolsApiClasspath,kotlinCompilerClasspath
empty=androidApis,androidJdkImage,debugAnnotationProcessorClasspath,kotlinCompilerPluginClasspath
