# This is a Gradle generated file for dependency locking.
# Manual edits can break the build and are not advised.
# This file is expected to be part of source control.
androidx.annotation:annotation-experimental:1.4.1=debugCompileClasspath
androidx.compose.runtime:runtime-android:1.7.8=debugCompileClasspath
androidx.compose.runtime:runtime:1.7.8=debugCompileClasspath
androidx.compose:compose-bom:2025.02.00=debugCompileClasspath
dev.oom-wg.purejoy.fyl.fytxt:common-android:2.2=debugCompileClasspath
dev.oom-wg.purejoy.fyl.fytxt:common:2.2=debugCompileClasspath
dev.oom-wg.purejoy.fyl.fytxt:compose-android:2.2=debugCompileClasspath
dev.oom-wg.purejoy.fyl.fytxt:compose:2.2=debugCompileClasspath
org.jetbrains.kotlin:kotlin-build-tools-api:2.2.10=kotlinBuildToolsApiClasspath
org.jetbrains.kotlin:kotlin-build-tools-impl:2.2.10=kotlinBuildToolsApiClasspath
org.jetbrains.kotlin:kotlin-compiler-embeddable:2.2.10=kotlinBuildToolsApiClasspath,kotlinCompilerClasspath
org.jetbrains.kotlin:kotlin-compiler-runner:2.2.10=kotlinBuildToolsApiClasspath
org.jetbrains.kotlin:kotlin-compose-compiler-plugin-embeddable:2.2.10=kotlin-extension,kotlinCompilerPluginClasspathDebug
org.jetbrains.kotlin:kotlin-daemon-client:2.2.10=kotlinBuildToolsApiClasspath
org.jetbrains.kotlin:kotlin-daemon-embeddable:2.2.10=kotlinBuildToolsApiClasspath,kotlinCompilerClasspath
org.jetbrains.kotlin:kotlin-reflect:1.6.10=kotlinBuildToolsApiClasspath,kotlinCompilerClasspath
org.jetbrains.kotlin:kotlin-script-runtime:2.2.10=kotlinBuildToolsApiClasspath,kotlinCompilerClasspath
org.jetbrains.kotlin:kotlin-scripting-common:2.2.10=kotlinBuildToolsApiClasspath
org.jetbrains.kotlin:kotlin-scripting-compiler-embeddable:2.2.10=kotlinBuildToolsApiClasspath
org.jetbrains.kotlin:kotlin-scripting-compiler-impl-embeddable:2.2.10=kotlinBuildToolsApiClasspath
org.jetbrains.kotlin:kotlin-scripting-jvm:2.2.10=kotlinBuildToolsApiClasspath
org.jetbrains.kotlin:kotlin-stdlib-common:2.3.20-Beta1=debugCompileClasspath
org.jetbrains.kotlin:kotlin-stdlib-jdk7:1.8.20=debugCompileClasspath
org.jetbrains.kotlin:kotlin-stdlib-jdk8:1.8.20=debugCompileClasspath
org.jetbrains.kotlin:kotlin-stdlib:2.2.10=kotlinBuildToolsApiClasspath,kotlinCompilerClasspath
org.jetbrains.kotlin:kotlin-stdlib:2.3.20-Beta1=debugCompileClasspath
org.jetbrains.kotlinx:kotlinx-coroutines-android:1.7.3=debugCompileClasspath
org.jetbrains.kotlinx:kotlinx-coroutines-bom:1.7.3=debugCompileClasspath
org.jetbrains.kotlinx:kotlinx-coroutines-core-jvm:1.7.3=debugCompileClasspath
org.jetbrains.kotlinx:kotlinx-coroutines-core-jvm:1.8.0=kotlinBuildToolsApiClasspath,kotlinCompilerClasspath
org.jetbrains.kotlinx:kotlinx-coroutines-core:1.7.3=debugCompileClasspath
org.jetbrains:annotations:13.0=kotlinBuildToolsApiClasspath,kotlinCompilerClasspath
org.jetbrains:annotations:23.0.0=debugCompileClasspath
empty=androidApis,androidJdkImage,debugAnnotationProcessorClasspath,kotlinCompilerPluginClasspath
